# @generated by Move, please check-in and do not edit manually.

[move]
version = 3
manifest_digest = "4F71A09885EC1BCAB5961BE546F05FE3C34BDE37D29DCA1CCD9936A8C2846EEE"
deps_digest = "F8BBB0CCB2491CA29A3DF03D6F92277A4F3574266507ACD77214D37ECA3F3082"
dependencies = [
  { id = "Sui", name = "Sui" },
]

[[move.package]]
id = "MoveStdlib"
source = { git = "https://github.com/MystenLabs/sui.git", rev = "mainnet", subdir = "crates\\sui-framework\\packages\\move-stdlib" }

[[move.package]]
id = "Sui"
source = { git = "https://github.com/MystenLabs/sui.git", rev = "mainnet", subdir = "crates/sui-framework/packages/sui-framework" }

dependencies = [
  { id = "MoveStdlib", name = "MoveStdlib" },
]

[move.toolchain-version]
compiler-version = "1.47.0"
edition = "2024"
flavor = "sui"

[env]

[env.testnet]
chain-id = "4c78adac"
original-published-id = "0xdef574b61e5833589723945cefb9e786d1b8d64209ae3d8eb66d3931d644fed1"
latest-published-id = "0xdef574b61e5833589723945cefb9e786d1b8d64209ae3d8eb66d3931d644fed1"
published-version = "1"
